
Microsoft Visual Studio Solution File, Format Version 12.00
# Visual Studio Version 16
VisualStudioVersion = 16.0.29709.97
MinimumVisualStudioVersion = 10.0.40219.1
Project("{9A19103F-16F7-4668-BE54-9A1E7A4F7556}") = "Server", "Server\Server.csproj", "{1DD23B93-0AED-4611-AF35-A9ADF0A39AD8}"
EndProject
Project("{9A19103F-16F7-4668-BE54-9A1E7A4F7556}") = "Api", "Api\Api.csproj", "{D1AC87F4-9762-4143-A1CB-BC461AB28E94}"
EndProject
Project("{9A19103F-16F7-4668-BE54-9A1E7A4F7556}") = "ConsoleClient", "ConsoleClient\ConsoleClient.csproj", "{5A96D48A-3C19-405A-B60A-78A98FD97C96}"
EndProject
Project("{FAE04EC0-301F-11D3-BF4B-00C04F79EFBC}") = "MvcClient", "MvcClient\MvcClient.csproj", "{F6210EF8-ADBF-45FF-9350-DF67A68CA492}"
EndProject
Global
	GlobalSection(SolutionConfigurationPlatforms) = preSolution
		Debug|Any CPU = Debug|Any CPU
		Release|Any CPU = Release|Any CPU
	EndGlobalSection
	GlobalSection(ProjectConfigurationPlatforms) = postSolution
		{1DD23B93-0AED-4611-AF35-A9ADF0A39AD8}.Debug|Any CPU.ActiveCfg = Debug|Any CPU
		{1DD23B93-0AED-4611-AF35-A9ADF0A39AD8}.Debug|Any CPU.Build.0 = Debug|Any CPU
		{1DD23B93-0AED-4611-AF35-A9ADF0A39AD8}.Release|Any CPU.ActiveCfg = Release|Any CPU
		{1DD23B93-0AED-4611-AF35-A9ADF0A39AD8}.Release|Any CPU.Build.0 = Release|Any CPU
		{D1AC87F4-9762-4143-A1CB-BC461AB28E94}.Debug|Any CPU.ActiveCfg = Debug|Any CPU
		{D1AC87F4-9762-4143-A1CB-BC461AB28E94}.Debug|Any CPU.Build.0 = Debug|Any CPU
		{D1AC87F4-9762-4143-A1CB-BC461AB28E94}.Release|Any CPU.ActiveCfg = Release|Any CPU
		{D1AC87F4-9762-4143-A1CB-BC461AB28E94}.Release|Any CPU.Build.0 = Release|Any CPU
		{5A96D48A-3C19-405A-B60A-78A98FD97C96}.Debug|Any CPU.ActiveCfg = Debug|Any CPU
		{5A96D48A-3C19-405A-B60A-78A98FD97C96}.Debug|Any CPU.Build.0 = Debug|Any CPU
		{5A96D48A-3C19-405A-B60A-78A98FD97C96}.Release|Any CPU.ActiveCfg = Release|Any CPU
		{5A96D48A-3C19-405A-B60A-78A98FD97C96}.Release|Any CPU.Build.0 = Release|Any CPU
		{F6210EF8-ADBF-45FF-9350-DF67A68CA492}.Debug|Any CPU.ActiveCfg = Debug|Any CPU
		{F6210EF8-ADBF-45FF-9350-DF67A68CA492}.Debug|Any CPU.Build.0 = Debug|Any CPU
		{F6210EF8-ADBF-45FF-9350-DF67A68CA492}.Release|Any CPU.ActiveCfg = Release|Any CPU
		{F6210EF8-ADBF-45FF-9350-DF67A68CA492}.Release|Any CPU.Build.0 = Release|Any CPU
	EndGlobalSection
	GlobalSection(SolutionProperties) = preSolution
		HideSolutionNode = FALSE
	EndGlobalSection
	GlobalSection(ExtensibilityGlobals) = postSolution
		SolutionGuid = {E407173D-3B0E-4D1A-B0D8-5A75D4F038C1}
	EndGlobalSection
EndGlobal
